
Microsoft Visual Studio Solution File, Format Version 12.00
# Visual Studio 15
VisualStudioVersion = 15.0.28307.271
MinimumVisualStudioVersion = 10.0.40219.1
Project("{8BC9CEB8-8B4A-11D0-8D11-00A0C91BC942}") = "DeepWork", "DeepWork\DeepWork.vcxproj", "{579D8988-B146-43AD-A4F5-2E6C52B0D27E}"
EndProject
Project("{8BC9CEB8-8B4A-11D0-8D11-00A0C91BC942}") = "DesignPattern", "DesignPattern\DesignPattern.vcxproj", "{A2EC7BF6-88EC-4EAD-9EEB-F1BFFCADA9E7}"
EndProject
Project("{8BC9CEB8-8B4A-11D0-8D11-00A0C91BC942}") = "Algorithm", "Algorithm\Algorithm.vcxproj", "{1EA1600B-CD27-4A4F-8626-1F0091096768}"
EndProject
Project("{8BC9CEB8-8B4A-11D0-8D11-00A0C91BC942}") = "C++11", "C++11\C++11.vcxproj", "{90886673-71FC-49C4-931C-549522EBE52D}"
EndProject
Global
	GlobalSection(SolutionConfigurationPlatforms) = preSolution
		Debug|Win32 = Debug|Win32
		Debug|x64 = Debug|x64
		Release|Win32 = Release|Win32
		Release|x64 = Release|x64
	EndGlobalSection
	GlobalSection(ProjectConfigurationPlatforms) = postSolution
		{579D8988-B146-43AD-A4F5-2E6C52B0D27E}.Debug|Win32.ActiveCfg = Debug|Win32
		{579D8988-B146-43AD-A4F5-2E6C52B0D27E}.Debug|Win32.Build.0 = Debug|Win32
		{579D8988-B146-43AD-A4F5-2E6C52B0D27E}.Debug|x64.ActiveCfg = Debug|Win32
		{579D8988-B146-43AD-A4F5-2E6C52B0D27E}.Release|Win32.ActiveCfg = Release|Win32
		{579D8988-B146-43AD-A4F5-2E6C52B0D27E}.Release|Win32.Build.0 = Release|Win32
		{579D8988-B146-43AD-A4F5-2E6C52B0D27E}.Release|x64.ActiveCfg = Release|Win32
		{A2EC7BF6-88EC-4EAD-9EEB-F1BFFCADA9E7}.Debug|Win32.ActiveCfg = Debug|Win32
		{A2EC7BF6-88EC-4EAD-9EEB-F1BFFCADA9E7}.Debug|Win32.Build.0 = Debug|Win32
		{A2EC7BF6-88EC-4EAD-9EEB-F1BFFCADA9E7}.Debug|x64.ActiveCfg = Debug|Win32
		{A2EC7BF6-88EC-4EAD-9EEB-F1BFFCADA9E7}.Release|Win32.ActiveCfg = Release|Win32
		{A2EC7BF6-88EC-4EAD-9EEB-F1BFFCADA9E7}.Release|Win32.Build.0 = Release|Win32
		{A2EC7BF6-88EC-4EAD-9EEB-F1BFFCADA9E7}.Release|x64.ActiveCfg = Release|Win32
		{1EA1600B-CD27-4A4F-8626-1F0091096768}.Debug|Win32.ActiveCfg = Debug|Win32
		{1EA1600B-CD27-4A4F-8626-1F0091096768}.Debug|Win32.Build.0 = Debug|Win32
		{1EA1600B-CD27-4A4F-8626-1F0091096768}.Debug|x64.ActiveCfg = Debug|Win32
		{1EA1600B-CD27-4A4F-8626-1F0091096768}.Release|Win32.ActiveCfg = Release|Win32
		{1EA1600B-CD27-4A4F-8626-1F0091096768}.Release|Win32.Build.0 = Release|Win32
		{1EA1600B-CD27-4A4F-8626-1F0091096768}.Release|x64.ActiveCfg = Release|Win32
		{90886673-71FC-49C4-931C-549522EBE52D}.Debug|Win32.ActiveCfg = Debug|Win32
		{90886673-71FC-49C4-931C-549522EBE52D}.Debug|Win32.Build.0 = Debug|Win32
		{90886673-71FC-49C4-931C-549522EBE52D}.Debug|x64.ActiveCfg = Debug|x64
		{90886673-71FC-49C4-931C-549522EBE52D}.Debug|x64.Build.0 = Debug|x64
		{90886673-71FC-49C4-931C-549522EBE52D}.Release|Win32.ActiveCfg = Release|Win32
		{90886673-71FC-49C4-931C-549522EBE52D}.Release|Win32.Build.0 = Release|Win32
		{90886673-71FC-49C4-931C-549522EBE52D}.Release|x64.ActiveCfg = Release|x64
		{90886673-71FC-49C4-931C-549522EBE52D}.Release|x64.Build.0 = Release|x64
	EndGlobalSection
	GlobalSection(SolutionProperties) = preSolution
		HideSolutionNode = FALSE
	EndGlobalSection
	GlobalSection(ExtensibilityGlobals) = postSolution
		SolutionGuid = {A9AEAB42-BAFE-4637-94E1-AF112EB6DE47}
	EndGlobalSection
EndGlobal
