<?xml version="1.0" encoding="utf-8"?>
<Project ToolsVersion="4.0" xmlns="http://schemas.microsoft.com/developer/msbuild/2003">
  <ItemGroup>
    <Filter Include="Source Files">
      <UniqueIdentifier>{4FC737F1-C7A5-4376-A066-2A32D752A2FF}</UniqueIdentifier>
      <Extensions>cpp;c;cc;cxx;def;odl;idl;hpj;bat;asm;asmx</Extensions>
    </Filter>
    <Filter Include="Header Files">
      <UniqueIdentifier>{93995380-89BD-4b04-88EB-625FBE52EBFB}</UniqueIdentifier>
      <Extensions>h;hh;hpp;hxx;hm;inl;inc;xsd</Extensions>
    </Filter>
    <Filter Include="Resource Files">
      <UniqueIdentifier>{67DA6AB6-F800-4c08-8B7A-83BB121AAD01}</UniqueIdentifier>
      <Extensions>rc;ico;cur;bmp;dlg;rc2;rct;bin;rgs;gif;jpg;jpeg;jpe;resx;tiff;tif;png;wav;mfcribbon-ms</Extensions>
    </Filter>
    <Filter Include="observer">
      <UniqueIdentifier>{ffa6e1b1-257b-4c44-b00c-850b48bc825a}</UniqueIdentifier>
    </Filter>
    <Filter Include="decorater">
      <UniqueIdentifier>{e4fa0c73-2520-4732-bbe9-d0e40b569acc}</UniqueIdentifier>
    </Filter>
    <Filter Include="strategy">
      <UniqueIdentifier>{35078c4a-d87f-4ffd-a917-b8972ab89c3f}</UniqueIdentifier>
    </Filter>
    <Filter Include="factory">
      <UniqueIdentifier>{9a9afe86-6da1-4fa3-ba46-d56db989fa5e}</UniqueIdentifier>
    </Filter>
    <Filter Include="factory\factory_method">
      <UniqueIdentifier>{0bda3ad9-907b-4a93-a779-777ba3d828a4}</UniqueIdentifier>
    </Filter>
    <Filter Include="factory\simple_factory">
      <UniqueIdentifier>{e9d805c3-251f-4a70-b528-0d5d29775775}</UniqueIdentifier>
    </Filter>
    <Filter Include="factory\abstract_factory">
      <UniqueIdentifier>{23ad395c-ae92-4e6d-a599-4505ad7105b4}</UniqueIdentifier>
    </Filter>
    <Filter Include="singleton">
      <UniqueIdentifier>{34e27738-a00c-48da-a503-76881d9e9a62}</UniqueIdentifier>
    </Filter>
    <Filter Include="command">
      <UniqueIdentifier>{facc9fd4-35c0-403e-b0d6-7743b91447c5}</UniqueIdentifier>
    </Filter>
    <Filter Include="adapter">
      <UniqueIdentifier>{74e05cc7-6ec7-4648-a070-82b6f986d2bd}</UniqueIdentifier>
    </Filter>
    <Filter Include="facade">
      <UniqueIdentifier>{90a1fabd-4f68-42dc-aa3f-918fdd1fb94f}</UniqueIdentifier>
    </Filter>
    <Filter Include="template">
      <UniqueIdentifier>{dd75c532-3206-43af-9990-50c78ab1efa5}</UniqueIdentifier>
    </Filter>
    <Filter Include="composite">
      <UniqueIdentifier>{394a17b0-aedf-445a-8dc9-17ff21c7286d}</UniqueIdentifier>
    </Filter>
    <Filter Include="state">
      <UniqueIdentifier>{c3771ff9-1a4e-4bdd-b432-caeac214c943}</UniqueIdentifier>
    </Filter>
    <Filter Include="proxy">
      <UniqueIdentifier>{5a3a8f73-6d76-4c22-bbf3-a420ddd03cd9}</UniqueIdentifier>
    </Filter>
    <Filter Include="proxy\RemoteProxy">
      <UniqueIdentifier>{d58b352a-a84f-4252-8195-0046e8dca059}</UniqueIdentifier>
    </Filter>
    <Filter Include="iterate">
      <UniqueIdentifier>{25ed821b-1d0c-4018-b8c8-904b1801fb9a}</UniqueIdentifier>
    </Filter>
    <Filter Include="proxy\VirtualProxy">
      <UniqueIdentifier>{fd13f138-f8c3-4222-a878-68c00dd0575e}</UniqueIdentifier>
    </Filter>
  </ItemGroup>
  <ItemGroup>
    <Text Include="ReadMe.txt" />
  </ItemGroup>
  <ItemGroup>
    <ClInclude Include="stdafx.h">
      <Filter>Header Files</Filter>
    </ClInclude>
    <ClInclude Include="targetver.h">
      <Filter>Header Files</Filter>
    </ClInclude>
    <ClInclude Include="observer\Subject.h">
      <Filter>observer</Filter>
    </ClInclude>
    <ClInclude Include="observer\ConcreteObserver.h">
      <Filter>observer</Filter>
    </ClInclude>
    <ClInclude Include="decorater\Coffee.h">
      <Filter>decorater</Filter>
    </ClInclude>
    <ClInclude Include="decorater\OriginalCoffee.h">
      <Filter>decorater</Filter>
    </ClInclude>
    <ClInclude Include="decorater\CoffeeDecroter.h">
      <Filter>decorater</Filter>
    </ClInclude>
    <ClInclude Include="decorater\SugarCoffee.h">
      <Filter>decorater</Filter>
    </ClInclude>
    <ClInclude Include="decorater\LemonCoffee.h">
      <Filter>decorater</Filter>
    </ClInclude>
    <ClInclude Include="decorater\CoffeeShop.h">
      <Filter>decorater</Filter>
    </ClInclude>
    <ClInclude Include="strategy\Duck.h">
      <Filter>strategy</Filter>
    </ClInclude>
    <ClInclude Include="strategy\RubberDuck.h">
      <Filter>strategy</Filter>
    </ClInclude>
    <ClInclude Include="strategy\RedDuck.h">
      <Filter>strategy</Filter>
    </ClInclude>
    <ClInclude Include="strategy\BlackDuck.h">
      <Filter>strategy</Filter>
    </ClInclude>
    <ClInclude Include="strategy\Context.h">
      <Filter>strategy</Filter>
    </ClInclude>
    <ClInclude Include="strategy\FlyWithWing.h">
      <Filter>strategy</Filter>
    </ClInclude>
    <ClInclude Include="strategy\DuckFly.h">
      <Filter>strategy</Filter>
    </ClInclude>
    <ClInclude Include="strategy\NotFly.h">
      <Filter>strategy</Filter>
    </ClInclude>
    <ClInclude Include="factory\Pizza.h">
      <Filter>factory</Filter>
    </ClInclude>
    <ClInclude Include="factory\PizzaStore.h">
      <Filter>factory</Filter>
    </ClInclude>
    <ClInclude Include="factory\Client.h">
      <Filter>factory</Filter>
    </ClInclude>
    <ClInclude Include="factory\factory_method\ChicagoHamPizza.h">
      <Filter>factory\factory_method</Filter>
    </ClInclude>
    <ClInclude Include="factory\factory_method\ChicagoPizzaStore.h">
      <Filter>factory\factory_method</Filter>
    </ClInclude>
    <ClInclude Include="factory\factory_method\ChicagoSpicyPizza.h">
      <Filter>factory\factory_method</Filter>
    </ClInclude>
    <ClInclude Include="factory\factory_method\NYCheesePizza.h">
      <Filter>factory\factory_method</Filter>
    </ClInclude>
    <ClInclude Include="factory\factory_method\NYPizzaStore.h">
      <Filter>factory\factory_method</Filter>
    </ClInclude>
    <ClInclude Include="factory\factory_method\NYSweetPizza.h">
      <Filter>factory\factory_method</Filter>
    </ClInclude>
    <ClInclude Include="factory\simple_factory\SimplePizzaFactory.h">
      <Filter>factory\simple_factory</Filter>
    </ClInclude>
    <ClInclude Include="factory\abstract_factory\ChicagoSauce.h">
      <Filter>factory\abstract_factory</Filter>
    </ClInclude>
    <ClInclude Include="factory\abstract_factory\ChicagoShrimps.h">
      <Filter>factory\abstract_factory</Filter>
    </ClInclude>
    <ClInclude Include="factory\abstract_factory\NYSauce.h">
      <Filter>factory\abstract_factory</Filter>
    </ClInclude>
    <ClInclude Include="factory\abstract_factory\NYShrimps.h">
      <Filter>factory\abstract_factory</Filter>
    </ClInclude>
    <ClInclude Include="factory\abstract_factory\RawMaterial.h">
      <Filter>factory\abstract_factory</Filter>
    </ClInclude>
    <ClInclude Include="factory\abstract_factory\AbstractFactory.h">
      <Filter>factory\abstract_factory</Filter>
    </ClInclude>
    <ClInclude Include="factory\abstract_factory\ChicagoFactory.h">
      <Filter>factory\abstract_factory</Filter>
    </ClInclude>
    <ClInclude Include="factory\abstract_factory\NYFactory.h">
      <Filter>factory\abstract_factory</Filter>
    </ClInclude>
    <ClInclude Include="singleton\Singleton.h">
      <Filter>singleton</Filter>
    </ClInclude>
    <ClInclude Include="singleton\LazySingleton.h">
      <Filter>singleton</Filter>
    </ClInclude>
    <ClInclude Include="command\Command.h">
      <Filter>command</Filter>
    </ClInclude>
    <ClInclude Include="command\RomoteControl.h">
      <Filter>command</Filter>
    </ClInclude>
    <ClInclude Include="command\CommandClient.h">
      <Filter>command</Filter>
    </ClInclude>
    <ClInclude Include="command\LightCommand.h">
      <Filter>command</Filter>
    </ClInclude>
    <ClInclude Include="command\Light.h">
      <Filter>command</Filter>
    </ClInclude>
    <ClInclude Include="adapter\Bird.h">
      <Filter>adapter</Filter>
    </ClInclude>
    <ClInclude Include="adapter\ConcreteBird.h">
      <Filter>adapter</Filter>
    </ClInclude>
    <ClInclude Include="adapter\Chicken.h">
      <Filter>adapter</Filter>
    </ClInclude>
    <ClInclude Include="adapter\ConcreteChicken.h">
      <Filter>adapter</Filter>
    </ClInclude>
    <ClInclude Include="adapter\BirdAdapter.h">
      <Filter>adapter</Filter>
    </ClInclude>
    <ClInclude Include="adapter\AdapterTest.h">
      <Filter>adapter</Filter>
    </ClInclude>
    <ClInclude Include="facade\facade.h">
      <Filter>facade</Filter>
    </ClInclude>
    <ClInclude Include="facade\Screen.h">
      <Filter>facade</Filter>
    </ClInclude>
    <ClInclude Include="facade\TV.h">
      <Filter>facade</Filter>
    </ClInclude>
    <ClInclude Include="facade\VCD.h">
      <Filter>facade</Filter>
    </ClInclude>
    <ClInclude Include="template\SanQi.h">
      <Filter>template</Filter>
    </ClInclude>
    <ClInclude Include="template\Tea.h">
      <Filter>template</Filter>
    </ClInclude>
    <ClInclude Include="template\Drink.h">
      <Filter>template</Filter>
    </ClInclude>
    <ClInclude Include="template\NewSanQi.h">
      <Filter>template</Filter>
    </ClInclude>
    <ClInclude Include="template\NewTea.h">
      <Filter>template</Filter>
    </ClInclude>
    <ClInclude Include="template\templateTest.h">
      <Filter>template</Filter>
    </ClInclude>
    <ClInclude Include="iterate\BreakfastMenu.h">
      <Filter>iterate</Filter>
    </ClInclude>
    <ClInclude Include="iterate\LunchMenu.h">
      <Filter>iterate</Filter>
    </ClInclude>
    <ClInclude Include="iterate\MenuItem.h">
      <Filter>iterate</Filter>
    </ClInclude>
    <ClInclude Include="iterate\Waiter.h">
      <Filter>iterate</Filter>
    </ClInclude>
    <ClInclude Include="iterate\BreakfastMenuIterate.h">
      <Filter>iterate</Filter>
    </ClInclude>
    <ClInclude Include="iterate\Iterate.h">
      <Filter>iterate</Filter>
    </ClInclude>
    <ClInclude Include="iterate\LunchMenuIterate.h">
      <Filter>iterate</Filter>
    </ClInclude>
    <ClInclude Include="composite\Menu.h">
      <Filter>composite</Filter>
    </ClInclude>
    <ClInclude Include="composite\MenuComponent.h">
      <Filter>composite</Filter>
    </ClInclude>
    <ClInclude Include="composite\ConcreteMenuItem.h">
      <Filter>composite</Filter>
    </ClInclude>
    <ClInclude Include="composite\ComponentTest.h">
      <Filter>composite</Filter>
    </ClInclude>
    <ClInclude Include="state\GumballMachine.h">
      <Filter>state</Filter>
    </ClInclude>
    <ClInclude Include="state\HasCoinState.h">
      <Filter>state</Filter>
    </ClInclude>
    <ClInclude Include="state\NonCoinState.h">
      <Filter>state</Filter>
    </ClInclude>
    <ClInclude Include="state\SellState.h">
      <Filter>state</Filter>
    </ClInclude>
    <ClInclude Include="state\State.h">
      <Filter>state</Filter>
    </ClInclude>
    <ClInclude Include="state\GumballMachinePattern.h">
      <Filter>state</Filter>
    </ClInclude>
    <ClInclude Include="state\SellOutState.h">
      <Filter>state</Filter>
    </ClInclude>
    <ClInclude Include="proxy\RemoteProxy\GumballMonitor.h">
      <Filter>proxy\RemoteProxy</Filter>
    </ClInclude>
    <ClInclude Include="proxy\RemoteProxy\GumballMonitorProxy.h">
      <Filter>proxy\RemoteProxy</Filter>
    </ClInclude>
    <ClInclude Include="proxy\RemoteProxy\GumballMonitorStub.h">
      <Filter>proxy\RemoteProxy</Filter>
    </ClInclude>
    <ClInclude Include="proxy\RemoteProxy\RemoteProxyTest.h">
      <Filter>proxy\RemoteProxy</Filter>
    </ClInclude>
    <ClInclude Include="proxy\VirtualProxy\Icon.h">
      <Filter>proxy\VirtualProxy</Filter>
    </ClInclude>
    <ClInclude Include="proxy\VirtualProxy\IconEntry.h">
      <Filter>proxy\VirtualProxy</Filter>
    </ClInclude>
    <ClInclude Include="proxy\VirtualProxy\IconProxy.h">
      <Filter>proxy\VirtualProxy</Filter>
    </ClInclude>
    <ClInclude Include="proxy\VirtualProxy\VirtualProxyTest.h">
      <Filter>proxy\VirtualProxy</Filter>
    </ClInclude>
  </ItemGroup>
  <ItemGroup>
    <ClCompile Include="stdafx.cpp">
      <Filter>Source Files</Filter>
    </ClCompile>
    <ClCompile Include="DesignPattern.cpp">
      <Filter>Source Files</Filter>
    </ClCompile>
    <ClCompile Include="observer\Subject.cpp">
      <Filter>observer</Filter>
    </ClCompile>
    <ClCompile Include="observer\ConcreteObserver.cpp">
      <Filter>observer</Filter>
    </ClCompile>
    <ClCompile Include="decorater\Coffee.cpp">
      <Filter>decorater</Filter>
    </ClCompile>
    <ClCompile Include="decorater\OriginalCoffee.cpp">
      <Filter>decorater</Filter>
    </ClCompile>
    <ClCompile Include="decorater\CoffeeDecroter.cpp">
      <Filter>decorater</Filter>
    </ClCompile>
    <ClCompile Include="decorater\SugarCoffee.cpp">
      <Filter>decorater</Filter>
    </ClCompile>
    <ClCompile Include="decorater\LemonCoffee.cpp">
      <Filter>decorater</Filter>
    </ClCompile>
    <ClCompile Include="decorater\CoffeeShop.cpp">
      <Filter>decorater</Filter>
    </ClCompile>
    <ClCompile Include="strategy\Duck.cpp">
      <Filter>strategy</Filter>
    </ClCompile>
    <ClCompile Include="strategy\RubberDuck.cpp">
      <Filter>strategy</Filter>
    </ClCompile>
    <ClCompile Include="strategy\RedDuck.cpp">
      <Filter>strategy</Filter>
    </ClCompile>
    <ClCompile Include="strategy\BlackDuck.cpp">
      <Filter>strategy</Filter>
    </ClCompile>
    <ClCompile Include="strategy\Context.cpp">
      <Filter>strategy</Filter>
    </ClCompile>
    <ClCompile Include="strategy\FlyWithWing.cpp">
      <Filter>strategy</Filter>
    </ClCompile>
    <ClCompile Include="strategy\NotFly.cpp">
      <Filter>strategy</Filter>
    </ClCompile>
    <ClCompile Include="factory\Pizza.cpp">
      <Filter>factory</Filter>
    </ClCompile>
    <ClCompile Include="factory\PizzaStore.cpp">
      <Filter>factory</Filter>
    </ClCompile>
    <ClCompile Include="factory\Client.cpp">
      <Filter>factory</Filter>
    </ClCompile>
    <ClCompile Include="factory\factory_method\ChicagoHamPizza.cpp">
      <Filter>factory\factory_method</Filter>
    </ClCompile>
    <ClCompile Include="factory\factory_method\ChicagoPizzaStore.cpp">
      <Filter>factory\factory_method</Filter>
    </ClCompile>
    <ClCompile Include="factory\factory_method\ChicagoSpicyPizza.cpp">
      <Filter>factory\factory_method</Filter>
    </ClCompile>
    <ClCompile Include="factory\factory_method\NYCheesePizza.cpp">
      <Filter>factory\factory_method</Filter>
    </ClCompile>
    <ClCompile Include="factory\factory_method\NYPizzaStore.cpp">
      <Filter>factory\factory_method</Filter>
    </ClCompile>
    <ClCompile Include="factory\factory_method\NYSweetPizza.cpp">
      <Filter>factory\factory_method</Filter>
    </ClCompile>
    <ClCompile Include="factory\simple_factory\SimplePizzaFactory.cpp">
      <Filter>factory\simple_factory</Filter>
    </ClCompile>
    <ClCompile Include="factory\abstract_factory\ChicagoSauce.cpp">
      <Filter>factory\abstract_factory</Filter>
    </ClCompile>
    <ClCompile Include="factory\abstract_factory\ChicagoShrimps.cpp">
      <Filter>factory\abstract_factory</Filter>
    </ClCompile>
    <ClCompile Include="factory\abstract_factory\NYSauce.cpp">
      <Filter>factory\abstract_factory</Filter>
    </ClCompile>
    <ClCompile Include="factory\abstract_factory\NYShrimps.cpp">
      <Filter>factory\abstract_factory</Filter>
    </ClCompile>
    <ClCompile Include="factory\abstract_factory\RawMaterial.cpp">
      <Filter>factory\abstract_factory</Filter>
    </ClCompile>
    <ClCompile Include="factory\abstract_factory\AbstractFactory.cpp">
      <Filter>factory\abstract_factory</Filter>
    </ClCompile>
    <ClCompile Include="factory\abstract_factory\ChicagoFactory.cpp">
      <Filter>factory\abstract_factory</Filter>
    </ClCompile>
    <ClCompile Include="factory\abstract_factory\NYFactory.cpp">
      <Filter>factory\abstract_factory</Filter>
    </ClCompile>
    <ClCompile Include="singleton\Singleton.cpp">
      <Filter>singleton</Filter>
    </ClCompile>
    <ClCompile Include="singleton\LazySingleton.cpp">
      <Filter>singleton</Filter>
    </ClCompile>
    <ClCompile Include="command\Command.cpp">
      <Filter>command</Filter>
    </ClCompile>
    <ClCompile Include="command\RomoteControl.cpp">
      <Filter>command</Filter>
    </ClCompile>
    <ClCompile Include="command\CommandClient.cpp">
      <Filter>command</Filter>
    </ClCompile>
    <ClCompile Include="command\LightCommand.cpp">
      <Filter>command</Filter>
    </ClCompile>
    <ClCompile Include="command\Light.cpp">
      <Filter>command</Filter>
    </ClCompile>
    <ClCompile Include="adapter\Bird.cpp">
      <Filter>adapter</Filter>
    </ClCompile>
    <ClCompile Include="adapter\ConcreteBird.cpp">
      <Filter>adapter</Filter>
    </ClCompile>
    <ClCompile Include="adapter\Chicken.cpp">
      <Filter>adapter</Filter>
    </ClCompile>
    <ClCompile Include="adapter\ConcreteChicken.cpp">
      <Filter>adapter</Filter>
    </ClCompile>
    <ClCompile Include="adapter\BirdAdapter.cpp">
      <Filter>adapter</Filter>
    </ClCompile>
    <ClCompile Include="adapter\AdapterTest.cpp">
      <Filter>adapter</Filter>
    </ClCompile>
    <ClCompile Include="facade\facade.cpp">
      <Filter>facade</Filter>
    </ClCompile>
    <ClCompile Include="facade\Screen.cpp">
      <Filter>facade</Filter>
    </ClCompile>
    <ClCompile Include="facade\TV.cpp">
      <Filter>facade</Filter>
    </ClCompile>
    <ClCompile Include="facade\VCD.cpp">
      <Filter>facade</Filter>
    </ClCompile>
    <ClCompile Include="template\SanQi.cpp">
      <Filter>template</Filter>
    </ClCompile>
    <ClCompile Include="template\Tea.cpp">
      <Filter>template</Filter>
    </ClCompile>
    <ClCompile Include="template\Drink.cpp">
      <Filter>template</Filter>
    </ClCompile>
    <ClCompile Include="template\NewSanQi.cpp">
      <Filter>template</Filter>
    </ClCompile>
    <ClCompile Include="template\NewTea.cpp">
      <Filter>template</Filter>
    </ClCompile>
    <ClCompile Include="template\templateTest.cpp">
      <Filter>template</Filter>
    </ClCompile>
    <ClCompile Include="iterate\BreakfastMenu.cpp">
      <Filter>iterate</Filter>
    </ClCompile>
    <ClCompile Include="iterate\LunchMenu.cpp">
      <Filter>iterate</Filter>
    </ClCompile>
    <ClCompile Include="iterate\MenuItem.cpp">
      <Filter>iterate</Filter>
    </ClCompile>
    <ClCompile Include="iterate\Waiter.cpp">
      <Filter>iterate</Filter>
    </ClCompile>
    <ClCompile Include="iterate\BreakfastMenuIterate.cpp">
      <Filter>iterate</Filter>
    </ClCompile>
    <ClCompile Include="iterate\Iterate.cpp">
      <Filter>iterate</Filter>
    </ClCompile>
    <ClCompile Include="iterate\LunchMenuIterate.cpp">
      <Filter>iterate</Filter>
    </ClCompile>
    <ClCompile Include="composite\Menu.cpp">
      <Filter>composite</Filter>
    </ClCompile>
    <ClCompile Include="composite\MenuComponent.cpp">
      <Filter>composite</Filter>
    </ClCompile>
    <ClCompile Include="composite\ConcreteMenuItem.cpp">
      <Filter>composite</Filter>
    </ClCompile>
    <ClCompile Include="composite\ComponentTest.cpp">
      <Filter>composite</Filter>
    </ClCompile>
    <ClCompile Include="state\GumballMachine.cpp">
      <Filter>state</Filter>
    </ClCompile>
    <ClCompile Include="state\HasCoinState.cpp">
      <Filter>state</Filter>
    </ClCompile>
    <ClCompile Include="state\NonCoinState.cpp">
      <Filter>state</Filter>
    </ClCompile>
    <ClCompile Include="state\SellState.cpp">
      <Filter>state</Filter>
    </ClCompile>
    <ClCompile Include="state\State.cpp">
      <Filter>state</Filter>
    </ClCompile>
    <ClCompile Include="state\GumballMachinePattern.cpp">
      <Filter>state</Filter>
    </ClCompile>
    <ClCompile Include="state\SellOutState.cpp">
      <Filter>state</Filter>
    </ClCompile>
    <ClCompile Include="proxy\RemoteProxy\GumballMonitorProxy.cpp">
      <Filter>proxy\RemoteProxy</Filter>
    </ClCompile>
    <ClCompile Include="proxy\RemoteProxy\GumballMonitorStub.cpp">
      <Filter>proxy\RemoteProxy</Filter>
    </ClCompile>
    <ClCompile Include="proxy\RemoteProxy\RemoteProxyTest.cpp">
      <Filter>proxy\RemoteProxy</Filter>
    </ClCompile>
    <ClCompile Include="proxy\VirtualProxy\IconEntry.cpp">
      <Filter>proxy\VirtualProxy</Filter>
    </ClCompile>
    <ClCompile Include="proxy\VirtualProxy\IconProxy.cpp">
      <Filter>proxy\VirtualProxy</Filter>
    </ClCompile>
    <ClCompile Include="proxy\VirtualProxy\VirtualProxyTest.cpp">
      <Filter>proxy\VirtualProxy</Filter>
    </ClCompile>
  </ItemGroup>
</Project>