<?xml version="1.0" encoding="utf-8"?>
<Project ToolsVersion="4.0" xmlns="http://schemas.microsoft.com/developer/msbuild/2003">
  <ItemGroup>
    <Filter Include="Source Files">
      <UniqueIdentifier>{4FC737F1-C7A5-4376-A066-2A32D752A2FF}</UniqueIdentifier>
      <Extensions>cpp;c;cc;cxx;def;odl;idl;hpj;bat;asm;asmx</Extensions>
    </Filter>
    <Filter Include="Header Files">
      <UniqueIdentifier>{93995380-89BD-4b04-88EB-625FBE52EBFB}</UniqueIdentifier>
      <Extensions>h;hh;hpp;hxx;hm;inl;inc;xsd</Extensions>
    </Filter>
    <Filter Include="Resource Files">
      <UniqueIdentifier>{67DA6AB6-F800-4c08-8B7A-83BB121AAD01}</UniqueIdentifier>
      <Extensions>rc;ico;cur;bmp;dlg;rc2;rct;bin;rgs;gif;jpg;jpeg;jpe;resx;tiff;tif;png;wav;mfcribbon-ms</Extensions>
    </Filter>
    <Filter Include="observer">
      <UniqueIdentifier>{ffa6e1b1-257b-4c44-b00c-850b48bc825a}</UniqueIdentifier>
    </Filter>
    <Filter Include="decorater">
      <UniqueIdentifier>{e4fa0c73-2520-4732-bbe9-d0e40b569acc}</UniqueIdentifier>
    </Filter>
  </ItemGroup>
  <ItemGroup>
    <Text Include="ReadMe.txt" />
  </ItemGroup>
  <ItemGroup>
    <ClInclude Include="stdafx.h">
      <Filter>Header Files</Filter>
    </ClInclude>
    <ClInclude Include="targetver.h">
      <Filter>Header Files</Filter>
    </ClInclude>
    <ClInclude Include="observer\Subject.h">
      <Filter>observer</Filter>
    </ClInclude>
    <ClInclude Include="observer\ConcreteObserver.h">
      <Filter>observer</Filter>
    </ClInclude>
    <ClInclude Include="decorater\Coffee.h">
      <Filter>decorater</Filter>
    </ClInclude>
    <ClInclude Include="decorater\OriginalCoffee.h">
      <Filter>decorater</Filter>
    </ClInclude>
    <ClInclude Include="decorater\CoffeeDecroter.h">
      <Filter>decorater</Filter>
    </ClInclude>
    <ClInclude Include="decorater\SugarCoffee.h">
      <Filter>decorater</Filter>
    </ClInclude>
    <ClInclude Include="decorater\LemonCoffee.h">
      <Filter>decorater</Filter>
    </ClInclude>
    <ClInclude Include="decorater\CoffeeShop.h">
      <Filter>decorater</Filter>
    </ClInclude>
  </ItemGroup>
  <ItemGroup>
    <ClCompile Include="stdafx.cpp">
      <Filter>Source Files</Filter>
    </ClCompile>
    <ClCompile Include="DesignPattern.cpp">
      <Filter>Source Files</Filter>
    </ClCompile>
    <ClCompile Include="observer\Subject.cpp">
      <Filter>observer</Filter>
    </ClCompile>
    <ClCompile Include="observer\ConcreteObserver.cpp">
      <Filter>observer</Filter>
    </ClCompile>
    <ClCompile Include="decorater\Coffee.cpp">
      <Filter>decorater</Filter>
    </ClCompile>
    <ClCompile Include="decorater\OriginalCoffee.cpp">
      <Filter>decorater</Filter>
    </ClCompile>
    <ClCompile Include="decorater\CoffeeDecroter.cpp">
      <Filter>decorater</Filter>
    </ClCompile>
    <ClCompile Include="decorater\SugarCoffee.cpp">
      <Filter>decorater</Filter>
    </ClCompile>
    <ClCompile Include="decorater\LemonCoffee.cpp">
      <Filter>decorater</Filter>
    </ClCompile>
    <ClCompile Include="decorater\CoffeeShop.cpp">
      <Filter>decorater</Filter>
    </ClCompile>
  </ItemGroup>
</Project>