<?xml version="1.0" encoding="utf-8"?>
<Project ToolsVersion="4.0" xmlns="http://schemas.microsoft.com/developer/msbuild/2003">
  <ItemGroup>
    <Filter Include="Source Files">
      <UniqueIdentifier>{4FC737F1-C7A5-4376-A066-2A32D752A2FF}</UniqueIdentifier>
      <Extensions>cpp;c;cc;cxx;def;odl;idl;hpj;bat;asm;asmx</Extensions>
    </Filter>
    <Filter Include="Header Files">
      <UniqueIdentifier>{93995380-89BD-4b04-88EB-625FBE52EBFB}</UniqueIdentifier>
      <Extensions>h;hh;hpp;hxx;hm;inl;inc;xsd</Extensions>
    </Filter>
    <Filter Include="Resource Files">
      <UniqueIdentifier>{67DA6AB6-F800-4c08-8B7A-83BB121AAD01}</UniqueIdentifier>
      <Extensions>rc;ico;cur;bmp;dlg;rc2;rct;bin;rgs;gif;jpg;jpeg;jpe;resx;tiff;tif;png;wav;mfcribbon-ms</Extensions>
    </Filter>
    <Filter Include="observer">
      <UniqueIdentifier>{ffa6e1b1-257b-4c44-b00c-850b48bc825a}</UniqueIdentifier>
    </Filter>
    <Filter Include="decorater">
      <UniqueIdentifier>{e4fa0c73-2520-4732-bbe9-d0e40b569acc}</UniqueIdentifier>
    </Filter>
    <Filter Include="strategy">
      <UniqueIdentifier>{35078c4a-d87f-4ffd-a917-b8972ab89c3f}</UniqueIdentifier>
    </Filter>
    <Filter Include="factory">
      <UniqueIdentifier>{9a9afe86-6da1-4fa3-ba46-d56db989fa5e}</UniqueIdentifier>
    </Filter>
    <Filter Include="factory\factory_method">
      <UniqueIdentifier>{0bda3ad9-907b-4a93-a779-777ba3d828a4}</UniqueIdentifier>
    </Filter>
    <Filter Include="factory\simple_factory">
      <UniqueIdentifier>{e9d805c3-251f-4a70-b528-0d5d29775775}</UniqueIdentifier>
    </Filter>
    <Filter Include="factory\abstract_factory">
      <UniqueIdentifier>{23ad395c-ae92-4e6d-a599-4505ad7105b4}</UniqueIdentifier>
    </Filter>
    <Filter Include="singleton">
      <UniqueIdentifier>{34e27738-a00c-48da-a503-76881d9e9a62}</UniqueIdentifier>
    </Filter>
  </ItemGroup>
  <ItemGroup>
    <Text Include="ReadMe.txt" />
  </ItemGroup>
  <ItemGroup>
    <ClInclude Include="stdafx.h">
      <Filter>Header Files</Filter>
    </ClInclude>
    <ClInclude Include="targetver.h">
      <Filter>Header Files</Filter>
    </ClInclude>
    <ClInclude Include="observer\Subject.h">
      <Filter>observer</Filter>
    </ClInclude>
    <ClInclude Include="observer\ConcreteObserver.h">
      <Filter>observer</Filter>
    </ClInclude>
    <ClInclude Include="decorater\Coffee.h">
      <Filter>decorater</Filter>
    </ClInclude>
    <ClInclude Include="decorater\OriginalCoffee.h">
      <Filter>decorater</Filter>
    </ClInclude>
    <ClInclude Include="decorater\CoffeeDecroter.h">
      <Filter>decorater</Filter>
    </ClInclude>
    <ClInclude Include="decorater\SugarCoffee.h">
      <Filter>decorater</Filter>
    </ClInclude>
    <ClInclude Include="decorater\LemonCoffee.h">
      <Filter>decorater</Filter>
    </ClInclude>
    <ClInclude Include="decorater\CoffeeShop.h">
      <Filter>decorater</Filter>
    </ClInclude>
    <ClInclude Include="strategy\Duck.h">
      <Filter>strategy</Filter>
    </ClInclude>
    <ClInclude Include="strategy\RubberDuck.h">
      <Filter>strategy</Filter>
    </ClInclude>
    <ClInclude Include="strategy\RedDuck.h">
      <Filter>strategy</Filter>
    </ClInclude>
    <ClInclude Include="strategy\BlackDuck.h">
      <Filter>strategy</Filter>
    </ClInclude>
    <ClInclude Include="strategy\Context.h">
      <Filter>strategy</Filter>
    </ClInclude>
    <ClInclude Include="strategy\FlyWithWing.h">
      <Filter>strategy</Filter>
    </ClInclude>
    <ClInclude Include="strategy\DuckFly.h">
      <Filter>strategy</Filter>
    </ClInclude>
    <ClInclude Include="strategy\NotFly.h">
      <Filter>strategy</Filter>
    </ClInclude>
    <ClInclude Include="factory\Pizza.h">
      <Filter>factory</Filter>
    </ClInclude>
    <ClInclude Include="factory\PizzaStore.h">
      <Filter>factory</Filter>
    </ClInclude>
    <ClInclude Include="factory\Client.h">
      <Filter>factory</Filter>
    </ClInclude>
    <ClInclude Include="factory\factory_method\ChicagoHamPizza.h">
      <Filter>factory\factory_method</Filter>
    </ClInclude>
    <ClInclude Include="factory\factory_method\ChicagoPizzaStore.h">
      <Filter>factory\factory_method</Filter>
    </ClInclude>
    <ClInclude Include="factory\factory_method\ChicagoSpicyPizza.h">
      <Filter>factory\factory_method</Filter>
    </ClInclude>
    <ClInclude Include="factory\factory_method\NYCheesePizza.h">
      <Filter>factory\factory_method</Filter>
    </ClInclude>
    <ClInclude Include="factory\factory_method\NYPizzaStore.h">
      <Filter>factory\factory_method</Filter>
    </ClInclude>
    <ClInclude Include="factory\factory_method\NYSweetPizza.h">
      <Filter>factory\factory_method</Filter>
    </ClInclude>
    <ClInclude Include="factory\simple_factory\SimplePizzaFactory.h">
      <Filter>factory\simple_factory</Filter>
    </ClInclude>
    <ClInclude Include="factory\abstract_factory\ChicagoSauce.h">
      <Filter>factory\abstract_factory</Filter>
    </ClInclude>
    <ClInclude Include="factory\abstract_factory\ChicagoShrimps.h">
      <Filter>factory\abstract_factory</Filter>
    </ClInclude>
    <ClInclude Include="factory\abstract_factory\NYSauce.h">
      <Filter>factory\abstract_factory</Filter>
    </ClInclude>
    <ClInclude Include="factory\abstract_factory\NYShrimps.h">
      <Filter>factory\abstract_factory</Filter>
    </ClInclude>
    <ClInclude Include="factory\abstract_factory\RawMaterial.h">
      <Filter>factory\abstract_factory</Filter>
    </ClInclude>
    <ClInclude Include="factory\abstract_factory\AbstractFactory.h">
      <Filter>factory\abstract_factory</Filter>
    </ClInclude>
    <ClInclude Include="factory\abstract_factory\ChicagoFactory.h">
      <Filter>factory\abstract_factory</Filter>
    </ClInclude>
    <ClInclude Include="factory\abstract_factory\NYFactory.h">
      <Filter>factory\abstract_factory</Filter>
    </ClInclude>
    <ClInclude Include="singleton\Singleton.h">
      <Filter>singleton</Filter>
    </ClInclude>
    <ClInclude Include="singleton\LazySingleton.h">
      <Filter>singleton</Filter>
    </ClInclude>
  </ItemGroup>
  <ItemGroup>
    <ClCompile Include="stdafx.cpp">
      <Filter>Source Files</Filter>
    </ClCompile>
    <ClCompile Include="DesignPattern.cpp">
      <Filter>Source Files</Filter>
    </ClCompile>
    <ClCompile Include="observer\Subject.cpp">
      <Filter>observer</Filter>
    </ClCompile>
    <ClCompile Include="observer\ConcreteObserver.cpp">
      <Filter>observer</Filter>
    </ClCompile>
    <ClCompile Include="decorater\Coffee.cpp">
      <Filter>decorater</Filter>
    </ClCompile>
    <ClCompile Include="decorater\OriginalCoffee.cpp">
      <Filter>decorater</Filter>
    </ClCompile>
    <ClCompile Include="decorater\CoffeeDecroter.cpp">
      <Filter>decorater</Filter>
    </ClCompile>
    <ClCompile Include="decorater\SugarCoffee.cpp">
      <Filter>decorater</Filter>
    </ClCompile>
    <ClCompile Include="decorater\LemonCoffee.cpp">
      <Filter>decorater</Filter>
    </ClCompile>
    <ClCompile Include="decorater\CoffeeShop.cpp">
      <Filter>decorater</Filter>
    </ClCompile>
    <ClCompile Include="strategy\Duck.cpp">
      <Filter>strategy</Filter>
    </ClCompile>
    <ClCompile Include="strategy\RubberDuck.cpp">
      <Filter>strategy</Filter>
    </ClCompile>
    <ClCompile Include="strategy\RedDuck.cpp">
      <Filter>strategy</Filter>
    </ClCompile>
    <ClCompile Include="strategy\BlackDuck.cpp">
      <Filter>strategy</Filter>
    </ClCompile>
    <ClCompile Include="strategy\Context.cpp">
      <Filter>strategy</Filter>
    </ClCompile>
    <ClCompile Include="strategy\FlyWithWing.cpp">
      <Filter>strategy</Filter>
    </ClCompile>
    <ClCompile Include="strategy\NotFly.cpp">
      <Filter>strategy</Filter>
    </ClCompile>
    <ClCompile Include="factory\Pizza.cpp">
      <Filter>factory</Filter>
    </ClCompile>
    <ClCompile Include="factory\PizzaStore.cpp">
      <Filter>factory</Filter>
    </ClCompile>
    <ClCompile Include="factory\Client.cpp">
      <Filter>factory</Filter>
    </ClCompile>
    <ClCompile Include="factory\factory_method\ChicagoHamPizza.cpp">
      <Filter>factory\factory_method</Filter>
    </ClCompile>
    <ClCompile Include="factory\factory_method\ChicagoPizzaStore.cpp">
      <Filter>factory\factory_method</Filter>
    </ClCompile>
    <ClCompile Include="factory\factory_method\ChicagoSpicyPizza.cpp">
      <Filter>factory\factory_method</Filter>
    </ClCompile>
    <ClCompile Include="factory\factory_method\NYCheesePizza.cpp">
      <Filter>factory\factory_method</Filter>
    </ClCompile>
    <ClCompile Include="factory\factory_method\NYPizzaStore.cpp">
      <Filter>factory\factory_method</Filter>
    </ClCompile>
    <ClCompile Include="factory\factory_method\NYSweetPizza.cpp">
      <Filter>factory\factory_method</Filter>
    </ClCompile>
    <ClCompile Include="factory\simple_factory\SimplePizzaFactory.cpp">
      <Filter>factory\simple_factory</Filter>
    </ClCompile>
    <ClCompile Include="factory\abstract_factory\ChicagoSauce.cpp">
      <Filter>factory\abstract_factory</Filter>
    </ClCompile>
    <ClCompile Include="factory\abstract_factory\ChicagoShrimps.cpp">
      <Filter>factory\abstract_factory</Filter>
    </ClCompile>
    <ClCompile Include="factory\abstract_factory\NYSauce.cpp">
      <Filter>factory\abstract_factory</Filter>
    </ClCompile>
    <ClCompile Include="factory\abstract_factory\NYShrimps.cpp">
      <Filter>factory\abstract_factory</Filter>
    </ClCompile>
    <ClCompile Include="factory\abstract_factory\RawMaterial.cpp">
      <Filter>factory\abstract_factory</Filter>
    </ClCompile>
    <ClCompile Include="factory\abstract_factory\AbstractFactory.cpp">
      <Filter>factory\abstract_factory</Filter>
    </ClCompile>
    <ClCompile Include="factory\abstract_factory\ChicagoFactory.cpp">
      <Filter>factory\abstract_factory</Filter>
    </ClCompile>
    <ClCompile Include="factory\abstract_factory\NYFactory.cpp">
      <Filter>factory\abstract_factory</Filter>
    </ClCompile>
    <ClCompile Include="singleton\Singleton.cpp">
      <Filter>singleton</Filter>
    </ClCompile>
    <ClCompile Include="singleton\LazySingleton.cpp">
      <Filter>singleton</Filter>
    </ClCompile>
  </ItemGroup>
</Project>