<?xml version="1.0" encoding="utf-8"?>
<Project ToolsVersion="4.0" xmlns="http://schemas.microsoft.com/developer/msbuild/2003">
  <ItemGroup>
    <Filter Include="Source Files">
      <UniqueIdentifier>{4FC737F1-C7A5-4376-A066-2A32D752A2FF}</UniqueIdentifier>
      <Extensions>cpp;c;cc;cxx;def;odl;idl;hpj;bat;asm;asmx</Extensions>
    </Filter>
    <Filter Include="Header Files">
      <UniqueIdentifier>{93995380-89BD-4b04-88EB-625FBE52EBFB}</UniqueIdentifier>
      <Extensions>h;hh;hpp;hxx;hm;inl;inc;xsd</Extensions>
    </Filter>
    <Filter Include="Resource Files">
      <UniqueIdentifier>{67DA6AB6-F800-4c08-8B7A-83BB121AAD01}</UniqueIdentifier>
      <Extensions>rc;ico;cur;bmp;dlg;rc2;rct;bin;rgs;gif;jpg;jpeg;jpe;resx;tiff;tif;png;wav;mfcribbon-ms</Extensions>
    </Filter>
    <Filter Include="Search">
      <UniqueIdentifier>{0060eb86-a3d1-4088-9d8f-7b23f13a5e0a}</UniqueIdentifier>
    </Filter>
    <Filter Include="Sort">
      <UniqueIdentifier>{347fa758-3e24-486a-86ef-6dc2307e0439}</UniqueIdentifier>
    </Filter>
    <Filter Include="Advance">
      <UniqueIdentifier>{3622dd6d-0682-4c36-938d-0e34f4d44965}</UniqueIdentifier>
    </Filter>
  </ItemGroup>
  <ItemGroup>
    <Text Include="ReadMe.txt" />
  </ItemGroup>
  <ItemGroup>
    <ClInclude Include="stdafx.h">
      <Filter>Header Files</Filter>
    </ClInclude>
    <ClInclude Include="targetver.h">
      <Filter>Header Files</Filter>
    </ClInclude>
    <ClInclude Include="Search\Search.h">
      <Filter>Search</Filter>
    </ClInclude>
    <ClInclude Include="Sort\Sort.h">
      <Filter>Sort</Filter>
    </ClInclude>
    <ClInclude Include="Advance\advance_search.h">
      <Filter>Advance</Filter>
    </ClInclude>
    <ClInclude Include="Advance\string_algorithm.h">
      <Filter>Advance</Filter>
    </ClInclude>
    <ClInclude Include="Advance\tree_algorithm.h">
      <Filter>Advance</Filter>
    </ClInclude>
    <ClInclude Include="Advance\stack_queue_algorithm.h">
      <Filter>Advance</Filter>
    </ClInclude>
  </ItemGroup>
  <ItemGroup>
    <ClCompile Include="stdafx.cpp">
      <Filter>Source Files</Filter>
    </ClCompile>
    <ClCompile Include="Algorithm.cpp">
      <Filter>Source Files</Filter>
    </ClCompile>
    <ClCompile Include="Search\Search.cpp">
      <Filter>Search</Filter>
    </ClCompile>
    <ClCompile Include="Sort\Sort.cpp">
      <Filter>Sort</Filter>
    </ClCompile>
    <ClCompile Include="Advance\advance_search.cpp">
      <Filter>Advance</Filter>
    </ClCompile>
    <ClCompile Include="Advance\string_algorithm.cpp">
      <Filter>Advance</Filter>
    </ClCompile>
    <ClCompile Include="Advance\tree_algorithm.cpp">
      <Filter>Advance</Filter>
    </ClCompile>
    <ClCompile Include="Advance\stack_queue_algorithm.cpp">
      <Filter>Advance</Filter>
    </ClCompile>
  </ItemGroup>
</Project>